
Microsoft Visual Studio Solution File, Format Version 11.00
# Visual Studio 2010
Project("{FAE04EC0-301F-11D3-BF4B-00C04F79EFBC}") = "Testing-WPF-002", "Testing-WPF-002\Testing-WPF-002.csproj", "{47F5772B-815F-447F-ACA6-9D8B1F6BDF6D}"
EndProject
Global
	GlobalSection(SolutionConfigurationPlatforms) = preSolution
		Debug|x86 = Debug|x86
		Release|x86 = Release|x86
	EndGlobalSection
	GlobalSection(ProjectConfigurationPlatforms) = postSolution
		{47F5772B-815F-447F-ACA6-9D8B1F6BDF6D}.Debug|x86.ActiveCfg = Debug|x86
		{47F5772B-815F-447F-ACA6-9D8B1F6BDF6D}.Debug|x86.Build.0 = Debug|x86
		{47F5772B-815F-447F-ACA6-9D8B1F6BDF6D}.Release|x86.ActiveCfg = Release|x86
		{47F5772B-815F-447F-ACA6-9D8B1F6BDF6D}.Release|x86.Build.0 = Release|x86
	EndGlobalSection
	GlobalSection(SolutionProperties) = preSolution
		HideSolutionNode = FALSE
	EndGlobalSection
EndGlobal
